
Microsoft Visual Studio Solution File, Format Version 12.00
# Visual Studio Version 17
VisualStudioVersion = 17.14.36616.10
MinimumVisualStudioVersion = 10.0.40219.1
Project("{FAE04EC0-301F-11D3-BF4B-00C04F79EFBC}") = "TiendaGod", "TiendaGod\TiendaGod.csproj", "{C63251D4-1A08-4DE8-ACE6-1412554F5473}"
EndProject
Project("{FAE04EC0-301F-11D3-BF4B-00C04F79EFBC}") = "TiendaGod.Identity", "TiendaGod.Identity\TiendaGod.Identity.csproj", "{A25C8F84-606E-7DC6-FC57-5E4078973420}"
EndProject
Project("{54A90642-561A-4BB1-A94E-469ADEE60C69}") = "Tiendagod.Frontend", "TiendaGod.Frontend\Tiendagod.Frontend.esproj", "{624AD356-257C-5EBC-A9E5-A62E6305BEA2}"
EndProject
Project("{FAE04EC0-301F-11D3-BF4B-00C04F79EFBC}") = "TiendaGod.ServiceDefault", "TiendaGod.ServiceDefault\TiendaGod.ServiceDefault.csproj", "{BF37AF08-2C1F-419C-A6CC-1AD5C1CCE01C}"
EndProject
Project("{2150E333-8FDC-42A3-9474-1A3956D46DE8}") = "Elementos de la solucion", "Elementos de la solucion", "{02EA681E-C7D8-13C7-8484-4AC65E1B71E8}"
	ProjectSection(SolutionItems) = preProject
		Directory.Packages.props = Directory.Packages.props
	EndProjectSection
EndProject
Global
	GlobalSection(SolutionConfigurationPlatforms) = preSolution
		Debug|Any CPU = Debug|Any CPU
		Release|Any CPU = Release|Any CPU
	EndGlobalSection
	GlobalSection(ProjectConfigurationPlatforms) = postSolution
		{C63251D4-1A08-4DE8-ACE6-1412554F5473}.Debug|Any CPU.ActiveCfg = Debug|Any CPU
		{C63251D4-1A08-4DE8-ACE6-1412554F5473}.Debug|Any CPU.Build.0 = Debug|Any CPU
		{C63251D4-1A08-4DE8-ACE6-1412554F5473}.Release|Any CPU.ActiveCfg = Release|Any CPU
		{C63251D4-1A08-4DE8-ACE6-1412554F5473}.Release|Any CPU.Build.0 = Release|Any CPU
		{A25C8F84-606E-7DC6-FC57-5E4078973420}.Debug|Any CPU.ActiveCfg = Debug|Any CPU
		{A25C8F84-606E-7DC6-FC57-5E4078973420}.Debug|Any CPU.Build.0 = Debug|Any CPU
		{A25C8F84-606E-7DC6-FC57-5E4078973420}.Release|Any CPU.ActiveCfg = Release|Any CPU
		{A25C8F84-606E-7DC6-FC57-5E4078973420}.Release|Any CPU.Build.0 = Release|Any CPU
		{624AD356-257C-5EBC-A9E5-A62E6305BEA2}.Debug|Any CPU.ActiveCfg = Debug|Any CPU
		{624AD356-257C-5EBC-A9E5-A62E6305BEA2}.Debug|Any CPU.Build.0 = Debug|Any CPU
		{624AD356-257C-5EBC-A9E5-A62E6305BEA2}.Debug|Any CPU.Deploy.0 = Debug|Any CPU
		{624AD356-257C-5EBC-A9E5-A62E6305BEA2}.Release|Any CPU.ActiveCfg = Release|Any CPU
		{624AD356-257C-5EBC-A9E5-A62E6305BEA2}.Release|Any CPU.Build.0 = Release|Any CPU
		{624AD356-257C-5EBC-A9E5-A62E6305BEA2}.Release|Any CPU.Deploy.0 = Release|Any CPU
		{BF37AF08-2C1F-419C-A6CC-1AD5C1CCE01C}.Debug|Any CPU.ActiveCfg = Debug|Any CPU
		{BF37AF08-2C1F-419C-A6CC-1AD5C1CCE01C}.Debug|Any CPU.Build.0 = Debug|Any CPU
		{BF37AF08-2C1F-419C-A6CC-1AD5C1CCE01C}.Release|Any CPU.ActiveCfg = Release|Any CPU
		{BF37AF08-2C1F-419C-A6CC-1AD5C1CCE01C}.Release|Any CPU.Build.0 = Release|Any CPU
	EndGlobalSection
	GlobalSection(SolutionProperties) = preSolution
		HideSolutionNode = FALSE
	EndGlobalSection
	GlobalSection(ExtensibilityGlobals) = postSolution
		SolutionGuid = {E08FCB16-BF53-4D16-BFB0-89478E496FEC}
	EndGlobalSection
EndGlobal
